
Microsoft Visual Studio Solution File, Format Version 12.00
# Visual Studio Version 16
VisualStudioVersion = 16.0.29709.97
MinimumVisualStudioVersion = 10.0.40219.1
Project("{FAE04EC0-301F-11D3-BF4B-00C04F79EFBC}") = "EzySorting", "EzySorting.csproj", "{E4A5C916-4F8F-4951-9361-50E99EA5DD65}"
EndProject
Global
	GlobalSection(SolutionConfigurationPlatforms) = preSolution
		Debug|Any CPU = Debug|Any CPU
		Release|Any CPU = Release|Any CPU
	EndGlobalSection
	GlobalSection(ProjectConfigurationPlatforms) = postSolution
		{E4A5C916-4F8F-4951-9361-50E99EA5DD65}.Debug|Any CPU.ActiveCfg = Debug|Any CPU
		{E4A5C916-4F8F-4951-9361-50E99EA5DD65}.Debug|Any CPU.Build.0 = Debug|Any CPU
		{E4A5C916-4F8F-4951-9361-50E99EA5DD65}.Release|Any CPU.ActiveCfg = Release|Any CPU
		{E4A5C916-4F8F-4951-9361-50E99EA5DD65}.Release|Any CPU.Build.0 = Release|Any CPU
	EndGlobalSection
	GlobalSection(SolutionProperties) = preSolution
		HideSolutionNode = FALSE
	EndGlobalSection
	GlobalSection(ExtensibilityGlobals) = postSolution
		SolutionGuid = {B9F8CF52-A3B6-4A14-9E7C-066E85C35853}
	EndGlobalSection
EndGlobal
